// !$*UTF8*$!
{
	archiveVersion = 1;
	classes = {
	};
	objectVersion = 77;
	objects = {

/* Begin PBXBuildFile section */
		6431A1F52D2CFEBC00E30CFE /* Auth in Frameworks */ = {isa = PBXBuildFile; productRef = 6431A1F42D2CFEBC00E30CFE /* Auth */; };
		6431A1F72D2CFEBC00E30CFE /* Functions in Frameworks */ = {isa = PBXBuildFile; productRef = 6431A1F62D2CFEBC00E30CFE /* Functions */; };
		6431A1F92D2CFEBC00E30CFE /* PostgREST in Frameworks */ = {isa = PBXBuildFile; productRef = 6431A1F82D2CFEBC00E30CFE /* PostgREST */; };
		6431A1FB2D2CFEBC00E30CFE /* Realtime in Frameworks */ = {isa = PBXBuildFile; productRef = 6431A1FA2D2CFEBC00E30CFE /* Realtime */; };
		6431A1FD2D2CFEBC00E30CFE /* Storage in Frameworks */ = {isa = PBXBuildFile; productRef = 6431A1FC2D2CFEBC00E30CFE /* Storage */; };
		6431A1FF2D2CFEBC00E30CFE /* Supabase in Frameworks */ = {isa = PBXBuildFile; productRef = 6431A1FE2D2CFEBC00E30CFE /* Supabase */; };
/* End PBXBuildFile section */

/* Begin PBXContainerItemProxy section */
		64E84E7E2D2B82F80081D60C /* PBXContainerItemProxy */ = {
			isa = PBXContainerItemProxy;
			containerPortal = 64E84E652D2B82F70081D60C /* Project object */;
			proxyType = 1;
			remoteGlobalIDString = 64E84E6C2D2B82F70081D60C;
			remoteInfo = MachineMemo;
		};
		64E84E882D2B82F80081D60C /* PBXContainerItemProxy */ = {
			isa = PBXContainerItemProxy;
			containerPortal = 64E84E652D2B82F70081D60C /* Project object */;
			proxyType = 1;
			remoteGlobalIDString = 64E84E6C2D2B82F70081D60C;
			remoteInfo = MachineMemo;
		};
/* End PBXContainerItemProxy section */

/* Begin PBXFileReference section */
		64E84E6D2D2B82F70081D60C /* MachineMemo.app */ = {isa = PBXFileReference; explicitFileType = wrapper.application; includeInIndex = 0; path = MachineMemo.app; sourceTree = BUILT_PRODUCTS_DIR; };
		64E84E7D2D2B82F80081D60C /* MachineMemoTests.xctest */ = {isa = PBXFileReference; explicitFileType = wrapper.cfbundle; includeInIndex = 0; path = MachineMemoTests.xctest; sourceTree = BUILT_PRODUCTS_DIR; };
		64E84E872D2B82F80081D60C /* MachineMemoUITests.xctest */ = {isa = PBXFileReference; explicitFileType = wrapper.cfbundle; includeInIndex = 0; path = MachineMemoUITests.xctest; sourceTree = BUILT_PRODUCTS_DIR; };
/* End PBXFileReference section */

/* Begin PBXFileSystemSynchronizedBuildFileExceptionSet section */
		64A4C36E2D2D039F00B73444 /* Exceptions for "MachineMemo" folder in "MachineMemo" target */ = {
			isa = PBXFileSystemSynchronizedBuildFileExceptionSet;
			membershipExceptions = (
				Info.plist,
			);
			target = 64E84E6C2D2B82F70081D60C /* MachineMemo */;
		};
/* End PBXFileSystemSynchronizedBuildFileExceptionSet section */

/* Begin PBXFileSystemSynchronizedRootGroup section */
		64E84E6F2D2B82F70081D60C /* MachineMemo */ = {
			isa = PBXFileSystemSynchronizedRootGroup;
			exceptions = (
				64A4C36E2D2D039F00B73444 /* Exceptions for "MachineMemo" folder in "MachineMemo" target */,
			);
			path = MachineMemo;
			sourceTree = "<group>";
		};
/* End PBXFileSystemSynchronizedRootGroup section */

/* Begin PBXFrameworksBuildPhase section */
		64E84E6A2D2B82F70081D60C /* Frameworks */ = {
			isa = PBXFrameworksBuildPhase;
			buildActionMask = 2147483647;
			files = (
				6431A1F92D2CFEBC00E30CFE /* PostgREST in Frameworks */,
				6431A1F72D2CFEBC00E30CFE /* Functions in Frameworks */,
				6431A1FF2D2CFEBC00E30CFE /* Supabase in Frameworks */,
				6431A1F52D2CFEBC00E30CFE /* Auth in Frameworks */,
				6431A1FD2D2CFEBC00E30CFE /* Storage in Frameworks */,
				6431A1FB2D2CFEBC00E30CFE /* Realtime in Frameworks */,
			);
			runOnlyForDeploymentPostprocessing = 0;
		};
		64E84E7A2D2B82F80081D60C /* Frameworks */ = {
			isa = PBXFrameworksBuildPhase;
			buildActionMask = 2147483647;
			files = (
			);
			runOnlyForDeploymentPostprocessing = 0;
		};
		64E84E842D2B82F80081D60C /* Frameworks */ = {
			isa = PBXFrameworksBuildPhase;
			buildActionMask = 2147483647;
			files = (
			);
			runOnlyForDeploymentPostprocessing = 0;
		};
/* End PBXFrameworksBuildPhase section */

/* Begin PBXGroup section */
		64E84E642D2B82F70081D60C = {
			isa = PBXGroup;
			children = (
				64E84E6F2D2B82F70081D60C /* MachineMemo */,
				64E84E6E2D2B82F70081D60C /* Products */,
			);
			sourceTree = "<group>";
		};
		64E84E6E2D2B82F70081D60C /* Products */ = {
			isa = PBXGroup;
			children = (
				64E84E6D2D2B82F70081D60C /* MachineMemo.app */,
				64E84E7D2D2B82F80081D60C /* MachineMemoTests.xctest */,
				64E84E872D2B82F80081D60C /* MachineMemoUITests.xctest */,
			);
			name = Products;
			sourceTree = "<group>";
		};
/* End PBXGroup section */

/* Begin PBXNativeTarget section */
		64E84E6C2D2B82F70081D60C /* MachineMemo */ = {
			isa = PBXNativeTarget;
			buildConfigurationList = 64E84E912D2B82F80081D60C /* Build configuration list for PBXNativeTarget "MachineMemo" */;
			buildPhases = (
				64E84E692D2B82F70081D60C /* Sources */,
				64E84E6A2D2B82F70081D60C /* Frameworks */,
				64E84E6B2D2B82F70081D60C /* Resources */,
			);
			buildRules = (
			);
			dependencies = (
			);
			fileSystemSynchronizedGroups = (
				64E84E6F2D2B82F70081D60C /* MachineMemo */,
			);
			name = MachineMemo;
			packageProductDependencies = (
				6431A1F42D2CFEBC00E30CFE /* Auth */,
				6431A1F62D2CFEBC00E30CFE /* Functions */,
				6431A1F82D2CFEBC00E30CFE /* PostgREST */,
				6431A1FA2D2CFEBC00E30CFE /* Realtime */,
				6431A1FC2D2CFEBC00E30CFE /* Storage */,
				6431A1FE2D2CFEBC00E30CFE /* Supabase */,
			);
			productName = MachineMemo;
			productReference = 64E84E6D2D2B82F70081D60C /* MachineMemo.app */;
			productType = "com.apple.product-type.application";
		};
		64E84E7C2D2B82F80081D60C /* MachineMemoTests */ = {
			isa = PBXNativeTarget;
			buildConfigurationList = 64E84E942D2B82F80081D60C /* Build configuration list for PBXNativeTarget "MachineMemoTests" */;
			buildPhases = (
				64E84E792D2B82F80081D60C /* Sources */,
				64E84E7A2D2B82F80081D60C /* Frameworks */,
				64E84E7B2D2B82F80081D60C /* Resources */,
			);
			buildRules = (
			);
			dependencies = (
				64E84E7F2D2B82F80081D60C /* PBXTargetDependency */,
			);
			name = MachineMemoTests;
			packageProductDependencies = (
			);
			productName = MachineMemoTests;
			productReference = 64E84E7D2D2B82F80081D60C /* MachineMemoTests.xctest */;
			productType = "com.apple.product-type.bundle.unit-test";
		};
		64E84E862D2B82F80081D60C /* MachineMemoUITests */ = {
			isa = PBXNativeTarget;
			buildConfigurationList = 64E84E972D2B82F80081D60C /* Build configuration list for PBXNativeTarget "MachineMemoUITests" */;
			buildPhases = (
				64E84E832D2B82F80081D60C /* Sources */,
				64E84E842D2B82F80081D60C /* Frameworks */,
				64E84E852D2B82F80081D60C /* Resources */,
			);
			buildRules = (
			);
			dependencies = (
				64E84E892D2B82F80081D60C /* PBXTargetDependency */,
			);
			name = MachineMemoUITests;
			packageProductDependencies = (
			);
			productName = MachineMemoUITests;
			productReference = 64E84E872D2B82F80081D60C /* MachineMemoUITests.xctest */;
			productType = "com.apple.product-type.bundle.ui-testing";
		};
/* End PBXNativeTarget section */

/* Begin PBXProject section */
		64E84E652D2B82F70081D60C /* Project object */ = {
			isa = PBXProject;
			attributes = {
				BuildIndependentTargetsInParallel = 1;
				LastSwiftUpdateCheck = 1610;
				LastUpgradeCheck = 1610;
				TargetAttributes = {
					64E84E6C2D2B82F70081D60C = {
						CreatedOnToolsVersion = 16.1;
					};
					64E84E7C2D2B82F80081D60C = {
						CreatedOnToolsVersion = 16.1;
						TestTargetID = 64E84E6C2D2B82F70081D60C;
					};
					64E84E862D2B82F80081D60C = {
						CreatedOnToolsVersion = 16.1;
						TestTargetID = 64E84E6C2D2B82F70081D60C;
					};
				};
			};
			buildConfigurationList = 64E84E682D2B82F70081D60C /* Build configuration list for PBXProject "MachineMemo" */;
			developmentRegion = en;
			hasScannedForEncodings = 0;
			knownRegions = (
				en,
				Base,
			);
			mainGroup = 64E84E642D2B82F70081D60C;
			minimizedProjectReferenceProxies = 1;
			packageReferences = (
				6495552A2D2CFDF90047268F /* XCRemoteSwiftPackageReference "supabase-swift" */,
			);
			preferredProjectObjectVersion = 77;
			productRefGroup = 64E84E6E2D2B82F70081D60C /* Products */;
			projectDirPath = "";
			projectRoot = "";
			targets = (
				64E84E6C2D2B82F70081D60C /* MachineMemo */,
				64E84E7C2D2B82F80081D60C /* MachineMemoTests */,
				64E84E862D2B82F80081D60C /* MachineMemoUITests */,
			);
		};
/* End PBXProject section */

/* Begin PBXResourcesBuildPhase section */
		64E84E6B2D2B82F70081D60C /* Resources */ = {
			isa = PBXResourcesBuildPhase;
			buildActionMask = 2147483647;
			files = (
			);
			runOnlyForDeploymentPostprocessing = 0;
		};
		64E84E7B2D2B82F80081D60C /* Resources */ = {
			isa = PBXResourcesBuildPhase;
			buildActionMask = 2147483647;
			files = (
			);
			runOnlyForDeploymentPostprocessing = 0;
		};
		64E84E852D2B82F80081D60C /* Resources */ = {
			isa = PBXResourcesBuildPhase;
			buildActionMask = 2147483647;
			files = (
			);
			runOnlyForDeploymentPostprocessing = 0;
		};
/* End PBXResourcesBuildPhase section */

/* Begin PBXSourcesBuildPhase section */
		64E84E692D2B82F70081D60C /* Sources */ = {
			isa = PBXSourcesBuildPhase;
			buildActionMask = 2147483647;
			files = (
			);
			runOnlyForDeploymentPostprocessing = 0;
		};
		64E84E792D2B82F80081D60C /* Sources */ = {
			isa = PBXSourcesBuildPhase;
			buildActionMask = 2147483647;
			files = (
			);
			runOnlyForDeploymentPostprocessing = 0;
		};
		64E84E832D2B82F80081D60C /* Sources */ = {
			isa = PBXSourcesBuildPhase;
			buildActionMask = 2147483647;
			files = (
			);
			runOnlyForDeploymentPostprocessing = 0;
		};
/* End PBXSourcesBuildPhase section */

/* Begin PBXTargetDependency section */
		64E84E7F2D2B82F80081D60C /* PBXTargetDependency */ = {
			isa = PBXTargetDependency;
			target = 64E84E6C2D2B82F70081D60C /* MachineMemo */;
			targetProxy = 64E84E7E2D2B82F80081D60C /* PBXContainerItemProxy */;
		};
		64E84E892D2B82F80081D60C /* PBXTargetDependency */ = {
			isa = PBXTargetDependency;
			target = 64E84E6C2D2B82F70081D60C /* MachineMemo */;
			targetProxy = 64E84E882D2B82F80081D60C /* PBXContainerItemProxy */;
		};
/* End PBXTargetDependency section */

/* Begin XCBuildConfiguration section */
		64E84E8F2D2B82F80081D60C /* Debug */ = {
			isa = XCBuildConfiguration;
			buildSettings = {
				ALWAYS_SEARCH_USER_PATHS = NO;
				ASSETCATALOG_COMPILER_GENERATE_SWIFT_ASSET_SYMBOL_EXTENSIONS = YES;
				CLANG_ANALYZER_NONNULL = YES;
				CLANG_ANALYZER_NUMBER_OBJECT_CONVERSION = YES_AGGRESSIVE;
				CLANG_CXX_LANGUAGE_STANDARD = "gnu++20";
				CLANG_ENABLE_MODULES = YES;
				CLANG_ENABLE_OBJC_ARC = YES;
				CLANG_ENABLE_OBJC_WEAK = YES;
				CLANG_WARN_BLOCK_CAPTURE_AUTORELEASING = YES;
				CLANG_WARN_BOOL_CONVERSION = YES;
				CLANG_WARN_COMMA = YES;
				CLANG_WARN_CONSTANT_CONVERSION = YES;
				CLANG_WARN_DEPRECATED_OBJC_IMPLEMENTATIONS = YES;
				CLANG_WARN_DIRECT_OBJC_ISA_USAGE = YES_ERROR;
				CLANG_WARN_DOCUMENTATION_COMMENTS = YES;
				CLANG_WARN_EMPTY_BODY = YES;
				CLANG_WARN_ENUM_CONVERSION = YES;
				CLANG_WARN_INFINITE_RECURSION = YES;
				CLANG_WARN_INT_CONVERSION = YES;
				CLANG_WARN_NON_LITERAL_NULL_CONVERSION = YES;
				CLANG_WARN_OBJC_IMPLICIT_RETAIN_SELF = YES;
				CLANG_WARN_OBJC_LITERAL_CONVERSION = YES;
				CLANG_WARN_OBJC_ROOT_CLASS = YES_ERROR;
				CLANG_WARN_QUOTED_INCLUDE_IN_FRAMEWORK_HEADER = YES;
				CLANG_WARN_RANGE_LOOP_ANALYSIS = YES;
				CLANG_WARN_STRICT_PROTOTYPES = YES;
				CLANG_WARN_SUSPICIOUS_MOVE = YES;
				CLANG_WARN_UNGUARDED_AVAILABILITY = YES_AGGRESSIVE;
				CLANG_WARN_UNREACHABLE_CODE = YES;
				CLANG_WARN__DUPLICATE_METHOD_MATCH = YES;
				COPY_PHASE_STRIP = NO;
				DEBUG_INFORMATION_FORMAT = dwarf;
				ENABLE_STRICT_OBJC_MSGSEND = YES;
				ENABLE_TESTABILITY = YES;
				ENABLE_USER_SCRIPT_SANDBOXING = YES;
				GCC_C_LANGUAGE_STANDARD = gnu17;
				GCC_DYNAMIC_NO_PIC = NO;
				GCC_NO_COMMON_BLOCKS = YES;
				GCC_OPTIMIZATION_LEVEL = 0;
				GCC_PREPROCESSOR_DEFINITIONS = (
					"DEBUG=1",
					"$(inherited)",
				);
				GCC_WARN_64_TO_32_BIT_CONVERSION = YES;
				GCC_WARN_ABOUT_RETURN_TYPE = YES_ERROR;
				GCC_WARN_UNDECLARED_SELECTOR = YES;
				GCC_WARN_UNINITIALIZED_AUTOS = YES_AGGRESSIVE;
				GCC_WARN_UNUSED_FUNCTION = YES;
				GCC_WARN_UNUSED_VARIABLE = YES;
				IPHONEOS_DEPLOYMENT_TARGET = 18.1;
				LOCALIZATION_PREFERS_STRING_CATALOGS = YES;
				MTL_ENABLE_DEBUG_INFO = INCLUDE_SOURCE;
				MTL_FAST_MATH = YES;
				ONLY_ACTIVE_ARCH = YES;
				SDKROOT = iphoneos;
				SWIFT_ACTIVE_COMPILATION_CONDITIONS = "DEBUG $(inherited)";
				SWIFT_OPTIMIZATION_LEVEL = "-Onone";
			};
			name = Debug;
		};
		64E84E902D2B82F80081D60C /* Release */ = {
			isa = XCBuildConfiguration;
			buildSettings = {
				ALWAYS_SEARCH_USER_PATHS = NO;
				ASSETCATALOG_COMPILER_GENERATE_SWIFT_ASSET_SYMBOL_EXTENSIONS = YES;
				CLANG_ANALYZER_NONNULL = YES;
				CLANG_ANALYZER_NUMBER_OBJECT_CONVERSION = YES_AGGRESSIVE;
				CLANG_CXX_LANGUAGE_STANDARD = "gnu++20";
				CLANG_ENABLE_MODULES = YES;
				CLANG_ENABLE_OBJC_ARC = YES;
				CLANG_ENABLE_OBJC_WEAK = YES;
				CLANG_WARN_BLOCK_CAPTURE_AUTORELEASING = YES;
				CLANG_WARN_BOOL_CONVERSION = YES;
				CLANG_WARN_COMMA = YES;
				CLANG_WARN_CONSTANT_CONVERSION = YES;
				CLANG_WARN_DEPRECATED_OBJC_IMPLEMENTATIONS = YES;
				CLANG_WARN_DIRECT_OBJC_ISA_USAGE = YES_ERROR;
				CLANG_WARN_DOCUMENTATION_COMMENTS = YES;
				CLANG_WARN_EMPTY_BODY = YES;
				CLANG_WARN_ENUM_CONVERSION = YES;
				CLANG_WARN_INFINITE_RECURSION = YES;
				CLANG_WARN_INT_CONVERSION = YES;
				CLANG_WARN_NON_LITERAL_NULL_CONVERSION = YES;
				CLANG_WARN_OBJC_IMPLICIT_RETAIN_SELF = YES;
				CLANG_WARN_OBJC_LITERAL_CONVERSION = YES;
				CLANG_WARN_OBJC_ROOT_CLASS = YES_ERROR;
				CLANG_WARN_QUOTED_INCLUDE_IN_FRAMEWORK_HEADER = YES;
				CLANG_WARN_RANGE_LOOP_ANALYSIS = YES;
				CLANG_WARN_STRICT_PROTOTYPES = YES;
				CLANG_WARN_SUSPICIOUS_MOVE = YES;
				CLANG_WARN_UNGUARDED_AVAILABILITY = YES_AGGRESSIVE;
				CLANG_WARN_UNREACHABLE_CODE = YES;
				CLANG_WARN__DUPLICATE_METHOD_MATCH = YES;
				COPY_PHASE_STRIP = NO;
				DEBUG_INFORMATION_FORMAT = "dwarf-with-dsym";
				ENABLE_NS_ASSERTIONS = NO;
				ENABLE_STRICT_OBJC_MSGSEND = YES;
				ENABLE_USER_SCRIPT_SANDBOXING = YES;
				GCC_C_LANGUAGE_STANDARD = gnu17;
				GCC_NO_COMMON_BLOCKS = YES;
				GCC_WARN_64_TO_32_BIT_CONVERSION = YES;
				GCC_WARN_ABOUT_RETURN_TYPE = YES_ERROR;
				GCC_WARN_UNDECLARED_SELECTOR = YES;
				GCC_WARN_UNINITIALIZED_AUTOS = YES_AGGRESSIVE;
				GCC_WARN_UNUSED_FUNCTION = YES;
				GCC_WARN_UNUSED_VARIABLE = YES;
				IPHONEOS_DEPLOYMENT_TARGET = 18.1;
				LOCALIZATION_PREFERS_STRING_CATALOGS = YES;
				MTL_ENABLE_DEBUG_INFO = NO;
				MTL_FAST_MATH = YES;
				SDKROOT = iphoneos;
				SWIFT_COMPILATION_MODE = wholemodule;
				VALIDATE_PRODUCT = YES;
			};
			name = Release;
		};
		64E84E922D2B82F80081D60C /* Debug */ = {
			isa = XCBuildConfiguration;
			buildSettings = {
				ASSETCATALOG_COMPILER_APPICON_NAME = AppIcon;
				ASSETCATALOG_COMPILER_GLOBAL_ACCENT_COLOR_NAME = AccentColor;
				CODE_SIGN_STYLE = Automatic;
				CURRENT_PROJECT_VERSION = 1;
				DEVELOPMENT_ASSET_PATHS = "\"MachineMemo/Preview Content\"";
				ENABLE_PREVIEWS = YES;
				GENERATE_INFOPLIST_FILE = YES;
				INFOPLIST_FILE = MachineMemo/Info.plist;
				INFOPLIST_KEY_LSApplicationCategoryType = "";
				INFOPLIST_KEY_UIApplicationSceneManifest_Generation = YES;
				INFOPLIST_KEY_UIApplicationSupportsIndirectInputEvents = YES;
				INFOPLIST_KEY_UILaunchScreen_Generation = YES;
				INFOPLIST_KEY_UISupportedInterfaceOrientations_iPad = "UIInterfaceOrientationPortrait UIInterfaceOrientationPortraitUpsideDown UIInterfaceOrientationLandscapeLeft UIInterfaceOrientationLandscapeRight";
				INFOPLIST_KEY_UISupportedInterfaceOrientations_iPhone = "UIInterfaceOrientationPortrait UIInterfaceOrientationLandscapeLeft UIInterfaceOrientationLandscapeRight";
				LD_RUNPATH_SEARCH_PATHS = (
					"$(inherited)",
					"@executable_path/Frameworks",
				);
				MARKETING_VERSION = 1.0;
				PRODUCT_BUNDLE_IDENTIFIER = Louie.MachineMemo;
				PRODUCT_NAME = "$(TARGET_NAME)";
				SWIFT_EMIT_LOC_STRINGS = YES;
				SWIFT_VERSION = 5.0;
				TARGETED_DEVICE_FAMILY = "1,2";
			};
			name = Debug;
		};
		64E84E932D2B82F80081D60C /* Release */ = {
			isa = XCBuildConfiguration;
			buildSettings = {
				ASSETCATALOG_COMPILER_APPICON_NAME = AppIcon;
				ASSETCATALOG_COMPILER_GLOBAL_ACCENT_COLOR_NAME = AccentColor;
				CODE_SIGN_STYLE = Automatic;
				CURRENT_PROJECT_VERSION = 1;
				DEVELOPMENT_ASSET_PATHS = "\"MachineMemo/Preview Content\"";
				ENABLE_PREVIEWS = YES;
				GENERATE_INFOPLIST_FILE = YES;
				INFOPLIST_FILE = MachineMemo/Info.plist;
				INFOPLIST_KEY_LSApplicationCategoryType = "";
				INFOPLIST_KEY_UIApplicationSceneManifest_Generation = YES;
				INFOPLIST_KEY_UIApplicationSupportsIndirectInputEvents = YES;
				INFOPLIST_KEY_UILaunchScreen_Generation = YES;
				INFOPLIST_KEY_UISupportedInterfaceOrientations_iPad = "UIInterfaceOrientationPortrait UIInterfaceOrientationPortraitUpsideDown UIInterfaceOrientationLandscapeLeft UIInterfaceOrientationLandscapeRight";
				INFOPLIST_KEY_UISupportedInterfaceOrientations_iPhone = "UIInterfaceOrientationPortrait UIInterfaceOrientationLandscapeLeft UIInterfaceOrientationLandscapeRight";
				LD_RUNPATH_SEARCH_PATHS = (
					"$(inherited)",
					"@executable_path/Frameworks",
				);
				MARKETING_VERSION = 1.0;
				PRODUCT_BUNDLE_IDENTIFIER = Louie.MachineMemo;
				PRODUCT_NAME = "$(TARGET_NAME)";
				SWIFT_EMIT_LOC_STRINGS = YES;
				SWIFT_VERSION = 5.0;
				TARGETED_DEVICE_FAMILY = "1,2";
			};
			name = Release;
		};
		64E84E952D2B82F80081D60C /* Debug */ = {
			isa = XCBuildConfiguration;
			buildSettings = {
				BUNDLE_LOADER = "$(TEST_HOST)";
				CODE_SIGN_STYLE = Automatic;
				CURRENT_PROJECT_VERSION = 1;
				GENERATE_INFOPLIST_FILE = YES;
				IPHONEOS_DEPLOYMENT_TARGET = 18.1;
				MARKETING_VERSION = 1.0;
				PRODUCT_BUNDLE_IDENTIFIER = Louie.MachineMemoTests;
				PRODUCT_NAME = "$(TARGET_NAME)";
				SWIFT_EMIT_LOC_STRINGS = NO;
				SWIFT_VERSION = 5.0;
				TARGETED_DEVICE_FAMILY = "1,2";
				TEST_HOST = "$(BUILT_PRODUCTS_DIR)/MachineMemo.app/$(BUNDLE_EXECUTABLE_FOLDER_PATH)/MachineMemo";
			};
			name = Debug;
		};
		64E84E962D2B82F80081D60C /* Release */ = {
			isa = XCBuildConfiguration;
			buildSettings = {
				BUNDLE_LOADER = "$(TEST_HOST)";
				CODE_SIGN_STYLE = Automatic;
				CURRENT_PROJECT_VERSION = 1;
				GENERATE_INFOPLIST_FILE = YES;
				IPHONEOS_DEPLOYMENT_TARGET = 18.1;
				MARKETING_VERSION = 1.0;
				PRODUCT_BUNDLE_IDENTIFIER = Louie.MachineMemoTests;
				PRODUCT_NAME = "$(TARGET_NAME)";
				SWIFT_EMIT_LOC_STRINGS = NO;
				SWIFT_VERSION = 5.0;
				TARGETED_DEVICE_FAMILY = "1,2";
				TEST_HOST = "$(BUILT_PRODUCTS_DIR)/MachineMemo.app/$(BUNDLE_EXECUTABLE_FOLDER_PATH)/MachineMemo";
			};
			name = Release;
		};
		64E84E982D2B82F80081D60C /* Debug */ = {
			isa = XCBuildConfiguration;
			buildSettings = {
				CODE_SIGN_STYLE = Automatic;
				CURRENT_PROJECT_VERSION = 1;
				GENERATE_INFOPLIST_FILE = YES;
				MARKETING_VERSION = 1.0;
				PRODUCT_BUNDLE_IDENTIFIER = Louie.MachineMemoUITests;
				PRODUCT_NAME = "$(TARGET_NAME)";
				SWIFT_EMIT_LOC_STRINGS = NO;
				SWIFT_VERSION = 5.0;
				TARGETED_DEVICE_FAMILY = "1,2";
				TEST_TARGET_NAME = MachineMemo;
			};
			name = Debug;
		};
		64E84E992D2B82F80081D60C /* Release */ = {
			isa = XCBuildConfiguration;
			buildSettings = {
				CODE_SIGN_STYLE = Automatic;
				CURRENT_PROJECT_VERSION = 1;
				GENERATE_INFOPLIST_FILE = YES;
				MARKETING_VERSION = 1.0;
				PRODUCT_BUNDLE_IDENTIFIER = Louie.MachineMemoUITests;
				PRODUCT_NAME = "$(TARGET_NAME)";
				SWIFT_EMIT_LOC_STRINGS = NO;
				SWIFT_VERSION = 5.0;
				TARGETED_DEVICE_FAMILY = "1,2";
				TEST_TARGET_NAME = MachineMemo;
			};
			name = Release;
		};
/* End XCBuildConfiguration section */

/* Begin XCConfigurationList section */
		64E84E682D2B82F70081D60C /* Build configuration list for PBXProject "MachineMemo" */ = {
			isa = XCConfigurationList;
			buildConfigurations = (
				64E84E8F2D2B82F80081D60C /* Debug */,
				64E84E902D2B82F80081D60C /* Release */,
			);
			defaultConfigurationIsVisible = 0;
			defaultConfigurationName = Release;
		};
		64E84E912D2B82F80081D60C /* Build configuration list for PBXNativeTarget "MachineMemo" */ = {
			isa = XCConfigurationList;
			buildConfigurations = (
				64E84E922D2B82F80081D60C /* Debug */,
				64E84E932D2B82F80081D60C /* Release */,
			);
			defaultConfigurationIsVisible = 0;
			defaultConfigurationName = Release;
		};
		64E84E942D2B82F80081D60C /* Build configuration list for PBXNativeTarget "MachineMemoTests" */ = {
			isa = XCConfigurationList;
			buildConfigurations = (
				64E84E952D2B82F80081D60C /* Debug */,
				64E84E962D2B82F80081D60C /* Release */,
			);
			defaultConfigurationIsVisible = 0;
			defaultConfigurationName = Release;
		};
		64E84E972D2B82F80081D60C /* Build configuration list for PBXNativeTarget "MachineMemoUITests" */ = {
			isa = XCConfigurationList;
			buildConfigurations = (
				64E84E982D2B82F80081D60C /* Debug */,
				64E84E992D2B82F80081D60C /* Release */,
			);
			defaultConfigurationIsVisible = 0;
			defaultConfigurationName = Release;
		};
/* End XCConfigurationList section */

/* Begin XCRemoteSwiftPackageReference section */
		6495552A2D2CFDF90047268F /* XCRemoteSwiftPackageReference "supabase-swift" */ = {
			isa = XCRemoteSwiftPackageReference;
			repositoryURL = "https://github.com/supabase-community/supabase-swift.git";
			requirement = {
				kind = upToNextMajorVersion;
				minimumVersion = 2.5.1;
			};
		};
/* End XCRemoteSwiftPackageReference section */

/* Begin XCSwiftPackageProductDependency section */
		6431A1F42D2CFEBC00E30CFE /* Auth */ = {
			isa = XCSwiftPackageProductDependency;
			package = 6495552A2D2CFDF90047268F /* XCRemoteSwiftPackageReference "supabase-swift" */;
			productName = Auth;
		};
		6431A1F62D2CFEBC00E30CFE /* Functions */ = {
			isa = XCSwiftPackageProductDependency;
			package = 6495552A2D2CFDF90047268F /* XCRemoteSwiftPackageReference "supabase-swift" */;
			productName = Functions;
		};
		6431A1F82D2CFEBC00E30CFE /* PostgREST */ = {
			isa = XCSwiftPackageProductDependency;
			package = 6495552A2D2CFDF90047268F /* XCRemoteSwiftPackageReference "supabase-swift" */;
			productName = PostgREST;
		};
		6431A1FA2D2CFEBC00E30CFE /* Realtime */ = {
			isa = XCSwiftPackageProductDependency;
			package = 6495552A2D2CFDF90047268F /* XCRemoteSwiftPackageReference "supabase-swift" */;
			productName = Realtime;
		};
		6431A1FC2D2CFEBC00E30CFE /* Storage */ = {
			isa = XCSwiftPackageProductDependency;
			package = 6495552A2D2CFDF90047268F /* XCRemoteSwiftPackageReference "supabase-swift" */;
			productName = Storage;
		};
		6431A1FE2D2CFEBC00E30CFE /* Supabase */ = {
			isa = XCSwiftPackageProductDependency;
			package = 6495552A2D2CFDF90047268F /* XCRemoteSwiftPackageReference "supabase-swift" */;
			productName = Supabase;
		};
/* End XCSwiftPackageProductDependency section */
	};
	rootObject = 64E84E652D2B82F70081D60C /* Project object */;
}
